{
    "version": 3,
    "terraform_version": "0.9.5",
    "serial": 13,
    "lineage": "3a764ea0-9c83-4976-927a-e60d421803aa",
    "modules": [
        {
            "path": [
                "root"
            ],
            "outputs": {},
            "resources": {
                "aws_instance.first": {
                    "type": "aws_instance",
                    "depends_on": [],
                    "primary": {
                        "id": "i-06d0b39db79920c08",
                        "attributes": {
                            "ami": "ami-97785bed",
                            "associate_public_ip_address": "true",
                            "availability_zone": "us-east-1f",
                            "disable_api_termination": "false",
                            "ebs_block_device.#": "0",
                            "ebs_optimized": "false",
                            "ephemeral_block_device.#": "0",
                            "iam_instance_profile": "",
                            "id": "i-06d0b39db79920c08",
                            "instance_state": "running",
                            "instance_type": "t2.micro",
                            "ipv6_address_count": "0",
                            "ipv6_addresses.#": "0",
                            "key_name": "",
                            "monitoring": "false",
                            "network_interface.#": "0",
                            "network_interface_id": "eni-312ecc94",
                            "primary_network_interface_id": "eni-312ecc94",
                            "private_dns": "ip-10-0-1-81.ec2.internal",
                            "private_ip": "10.0.1.81",
                            "public_dns": "",
                            "public_ip": "34.239.180.189",
                            "root_block_device.#": "1",
                            "root_block_device.0.delete_on_termination": "true",
                            "root_block_device.0.iops": "100",
                            "root_block_device.0.volume_size": "8",
                            "root_block_device.0.volume_type": "gp2",
                            "security_groups.#": "0",
                            "source_dest_check": "true",
                            "subnet_id": "subnet-b13bf5be",
                            "tags.%": "0",
                            "tenancy": "default",
                            "volume_tags.%": "0",
                            "vpc_security_group_ids.#": "1",
                            "vpc_security_group_ids.3764406276": "sg-60f4b517"
                        },
                        "meta": {
                            "schema_version": "1"
                        },
                        "tainted": false
                    },
                    "deposed": [],
                    "provider": ""
                }
            },
            "depends_on": []
        }
    ]
}
